
Microsoft Visual Studio Solution File, Format Version 12.00
# Visual Studio Version 16
VisualStudioVersion = 16.0.28803.352
MinimumVisualStudioVersion = 10.0.40219.1
Project("{FAE04EC0-301F-11D3-BF4B-00C04F79EFBC}") = "Main_Lecture_2(Events)", "Main_Lecture_2(Events)\Main_Lecture_2(Events).csproj", "{13308FFF-C2BC-4605-9ACE-6246AE6C8A59}"
EndProject
Global
	GlobalSection(SolutionConfigurationPlatforms) = preSolution
		Debug|Any CPU = Debug|Any CPU
		Release|Any CPU = Release|Any CPU
	EndGlobalSection
	GlobalSection(ProjectConfigurationPlatforms) = postSolution
		{13308FFF-C2BC-4605-9ACE-6246AE6C8A59}.Debug|Any CPU.ActiveCfg = Debug|Any CPU
		{13308FFF-C2BC-4605-9ACE-6246AE6C8A59}.Debug|Any CPU.Build.0 = Debug|Any CPU
		{13308FFF-C2BC-4605-9ACE-6246AE6C8A59}.Release|Any CPU.ActiveCfg = Release|Any CPU
		{13308FFF-C2BC-4605-9ACE-6246AE6C8A59}.Release|Any CPU.Build.0 = Release|Any CPU
	EndGlobalSection
	GlobalSection(SolutionProperties) = preSolution
		HideSolutionNode = FALSE
	EndGlobalSection
	GlobalSection(ExtensibilityGlobals) = postSolution
		SolutionGuid = {01F149D6-8BB9-4A07-B8A5-1C9BCEE85DF0}
	EndGlobalSection
EndGlobal
